// !$*UTF8*$!
{
	archiveVersion = 1;
	classes = {
	};
	objectVersion = 50;
	objects = {

/* Begin PBXBuildFile section */
		136EEA362388C0D4006173A1 /* AppDelegate.swift in Sources */ = {isa = PBXBuildFile; fileRef = 136EEA352388C0D4006173A1 /* AppDelegate.swift */; };
		136EEA382388C0D4006173A1 /* SceneDelegate.swift in Sources */ = {isa = PBXBuildFile; fileRef = 136EEA372388C0D4006173A1 /* SceneDelegate.swift */; };
		136EEA3A2388C0D4006173A1 /* MapViewController.swift in Sources */ = {isa = PBXBuildFile; fileRef = 136EEA392388C0D4006173A1 /* MapViewController.swift */; };
		136EEA3D2388C0D4006173A1 /* Main.storyboard in Resources */ = {isa = PBXBuildFile; fileRef = 136EEA3B2388C0D4006173A1 /* Main.storyboard */; };
		136EEA402388C0D4006173A1 /* GreatCampingApp.xcdatamodeld in Sources */ = {isa = PBXBuildFile; fileRef = 136EEA3E2388C0D4006173A1 /* GreatCampingApp.xcdatamodeld */; };
		136EEA422388C0D7006173A1 /* Assets.xcassets in Resources */ = {isa = PBXBuildFile; fileRef = 136EEA412388C0D7006173A1 /* Assets.xcassets */; };
		136EEA452388C0D7006173A1 /* LaunchScreen.storyboard in Resources */ = {isa = PBXBuildFile; fileRef = 136EEA432388C0D7006173A1 /* LaunchScreen.storyboard */; };
		136EEA502388C0D8006173A1 /* GreatCampingAppTests.swift in Sources */ = {isa = PBXBuildFile; fileRef = 136EEA4F2388C0D8006173A1 /* GreatCampingAppTests.swift */; };
		136EEA5B2388C0D8006173A1 /* GreatCampingAppUITests.swift in Sources */ = {isa = PBXBuildFile; fileRef = 136EEA5A2388C0D8006173A1 /* GreatCampingAppUITests.swift */; };
		136EEAE02389A084006173A1 /* GPSLocationData.swift in Sources */ = {isa = PBXBuildFile; fileRef = 136EEADF2389A084006173A1 /* GPSLocationData.swift */; };
		136EEAE32389A84C006173A1 /* LocationDataViewModel.swift in Sources */ = {isa = PBXBuildFile; fileRef = 136EEAE22389A84C006173A1 /* LocationDataViewModel.swift */; };
		136EEAE52389C8E1006173A1 /* parkLocations.json in Resources */ = {isa = PBXBuildFile; fileRef = 136EEAE42389C8E1006173A1 /* parkLocations.json */; };
		136EEAE9238B0DBA006173A1 /* DetailedParkDataView.swift in Sources */ = {isa = PBXBuildFile; fileRef = 136EEAE8238B0DBA006173A1 /* DetailedParkDataView.swift */; };
		13BF8F00238D155900EC32E7 /* NameGenerator.swift in Sources */ = {isa = PBXBuildFile; fileRef = 13BF8EFF238D155900EC32E7 /* NameGenerator.swift */; };
/* End PBXBuildFile section */

/* Begin PBXContainerItemProxy section */
		136EEA4C2388C0D8006173A1 /* PBXContainerItemProxy */ = {
			isa = PBXContainerItemProxy;
			containerPortal = 136EEA2A2388C0D4006173A1 /* Project object */;
			proxyType = 1;
			remoteGlobalIDString = 136EEA312388C0D4006173A1;
			remoteInfo = GreatCampingApp;
		};
		136EEA572388C0D8006173A1 /* PBXContainerItemProxy */ = {
			isa = PBXContainerItemProxy;
			containerPortal = 136EEA2A2388C0D4006173A1 /* Project object */;
			proxyType = 1;
			remoteGlobalIDString = 136EEA312388C0D4006173A1;
			remoteInfo = GreatCampingApp;
		};
/* End PBXContainerItemProxy section */

/* Begin PBXFileReference section */
		136EEA322388C0D4006173A1 /* YellowStonePark.app */ = {isa = PBXFileReference; explicitFileType = wrapper.application; includeInIndex = 0; path = YellowStonePark.app; sourceTree = BUILT_PRODUCTS_DIR; };
		136EEA352388C0D4006173A1 /* AppDelegate.swift */ = {isa = PBXFileReference; lastKnownFileType = sourcecode.swift; path = AppDelegate.swift; sourceTree = "<group>"; };
		136EEA372388C0D4006173A1 /* SceneDelegate.swift */ = {isa = PBXFileReference; lastKnownFileType = sourcecode.swift; path = SceneDelegate.swift; sourceTree = "<group>"; };
		136EEA392388C0D4006173A1 /* MapViewController.swift */ = {isa = PBXFileReference; lastKnownFileType = sourcecode.swift; path = MapViewController.swift; sourceTree = "<group>"; };
		136EEA3C2388C0D4006173A1 /* Base */ = {isa = PBXFileReference; lastKnownFileType = file.storyboard; name = Base; path = Base.lproj/Main.storyboard; sourceTree = "<group>"; };
		136EEA3F2388C0D4006173A1 /* GreatCampingApp.xcdatamodel */ = {isa = PBXFileReference; lastKnownFileType = wrapper.xcdatamodel; path = GreatCampingApp.xcdatamodel; sourceTree = "<group>"; };
		136EEA412388C0D7006173A1 /* Assets.xcassets */ = {isa = PBXFileReference; lastKnownFileType = folder.assetcatalog; path = Assets.xcassets; sourceTree = "<group>"; };
		136EEA442388C0D7006173A1 /* Base */ = {isa = PBXFileReference; lastKnownFileType = file.storyboard; name = Base; path = Base.lproj/LaunchScreen.storyboard; sourceTree = "<group>"; };
		136EEA462388C0D7006173A1 /* Info.plist */ = {isa = PBXFileReference; lastKnownFileType = text.plist.xml; path = Info.plist; sourceTree = "<group>"; };
		136EEA4B2388C0D8006173A1 /* GreatCampingAppTests.xctest */ = {isa = PBXFileReference; explicitFileType = wrapper.cfbundle; includeInIndex = 0; path = GreatCampingAppTests.xctest; sourceTree = BUILT_PRODUCTS_DIR; };
		136EEA4F2388C0D8006173A1 /* GreatCampingAppTests.swift */ = {isa = PBXFileReference; lastKnownFileType = sourcecode.swift; path = GreatCampingAppTests.swift; sourceTree = "<group>"; };
		136EEA512388C0D8006173A1 /* Info.plist */ = {isa = PBXFileReference; lastKnownFileType = text.plist.xml; path = Info.plist; sourceTree = "<group>"; };
		136EEA562388C0D8006173A1 /* GreatCampingAppUITests.xctest */ = {isa = PBXFileReference; explicitFileType = wrapper.cfbundle; includeInIndex = 0; path = GreatCampingAppUITests.xctest; sourceTree = BUILT_PRODUCTS_DIR; };
		136EEA5A2388C0D8006173A1 /* GreatCampingAppUITests.swift */ = {isa = PBXFileReference; lastKnownFileType = sourcecode.swift; path = GreatCampingAppUITests.swift; sourceTree = "<group>"; };
		136EEA5C2388C0D8006173A1 /* Info.plist */ = {isa = PBXFileReference; lastKnownFileType = text.plist.xml; path = Info.plist; sourceTree = "<group>"; };
		136EEADF2389A084006173A1 /* GPSLocationData.swift */ = {isa = PBXFileReference; lastKnownFileType = sourcecode.swift; path = GPSLocationData.swift; sourceTree = "<group>"; };
		136EEAE22389A84C006173A1 /* LocationDataViewModel.swift */ = {isa = PBXFileReference; lastKnownFileType = sourcecode.swift; path = LocationDataViewModel.swift; sourceTree = "<group>"; };
		136EEAE42389C8E1006173A1 /* parkLocations.json */ = {isa = PBXFileReference; lastKnownFileType = text.json; path = parkLocations.json; sourceTree = "<group>"; };
		136EEAE8238B0DBA006173A1 /* DetailedParkDataView.swift */ = {isa = PBXFileReference; lastKnownFileType = sourcecode.swift; path = DetailedParkDataView.swift; sourceTree = "<group>"; };
		13BF8EFF238D155900EC32E7 /* NameGenerator.swift */ = {isa = PBXFileReference; lastKnownFileType = sourcecode.swift; path = NameGenerator.swift; sourceTree = "<group>"; };
/* End PBXFileReference section */

/* Begin PBXFrameworksBuildPhase section */
		136EEA2F2388C0D4006173A1 /* Frameworks */ = {
			isa = PBXFrameworksBuildPhase;
			buildActionMask = 2147483647;
			files = (
			);
			runOnlyForDeploymentPostprocessing = 0;
		};
		136EEA482388C0D8006173A1 /* Frameworks */ = {
			isa = PBXFrameworksBuildPhase;
			buildActionMask = 2147483647;
			files = (
			);
			runOnlyForDeploymentPostprocessing = 0;
		};
		136EEA532388C0D8006173A1 /* Frameworks */ = {
			isa = PBXFrameworksBuildPhase;
			buildActionMask = 2147483647;
			files = (
			);
			runOnlyForDeploymentPostprocessing = 0;
		};
/* End PBXFrameworksBuildPhase section */

/* Begin PBXGroup section */
		136EEA292388C0D4006173A1 = {
			isa = PBXGroup;
			children = (
				136EEA342388C0D4006173A1 /* GreatCampingApp */,
				136EEA4E2388C0D8006173A1 /* GreatCampingAppTests */,
				136EEA592388C0D8006173A1 /* GreatCampingAppUITests */,
				136EEA332388C0D4006173A1 /* Products */,
			);
			sourceTree = "<group>";
		};
		136EEA332388C0D4006173A1 /* Products */ = {
			isa = PBXGroup;
			children = (
				136EEA322388C0D4006173A1 /* YellowStonePark.app */,
				136EEA4B2388C0D8006173A1 /* GreatCampingAppTests.xctest */,
				136EEA562388C0D8006173A1 /* GreatCampingAppUITests.xctest */,
			);
			name = Products;
			sourceTree = "<group>";
		};
		136EEA342388C0D4006173A1 /* GreatCampingApp */ = {
			isa = PBXGroup;
			children = (
				139A1C8B238D11AE00680FAA /* Model */,
				136EEAE12389A822006173A1 /* ViewModel */,
				136EEA682388D32E006173A1 /* CampSiteData */,
				136EEA352388C0D4006173A1 /* AppDelegate.swift */,
				136EEA372388C0D4006173A1 /* SceneDelegate.swift */,
				136EEA392388C0D4006173A1 /* MapViewController.swift */,
				136EEA3B2388C0D4006173A1 /* Main.storyboard */,
				136EEA412388C0D7006173A1 /* Assets.xcassets */,
				136EEA432388C0D7006173A1 /* LaunchScreen.storyboard */,
				136EEA462388C0D7006173A1 /* Info.plist */,
				136EEA3E2388C0D4006173A1 /* GreatCampingApp.xcdatamodeld */,
				136EEAE8238B0DBA006173A1 /* DetailedParkDataView.swift */,
			);
			path = GreatCampingApp;
			sourceTree = "<group>";
		};
		136EEA4E2388C0D8006173A1 /* GreatCampingAppTests */ = {
			isa = PBXGroup;
			children = (
				136EEA4F2388C0D8006173A1 /* GreatCampingAppTests.swift */,
				136EEA512388C0D8006173A1 /* Info.plist */,
			);
			path = GreatCampingAppTests;
			sourceTree = "<group>";
		};
		136EEA592388C0D8006173A1 /* GreatCampingAppUITests */ = {
			isa = PBXGroup;
			children = (
				136EEA5A2388C0D8006173A1 /* GreatCampingAppUITests.swift */,
				136EEA5C2388C0D8006173A1 /* Info.plist */,
			);
			path = GreatCampingAppUITests;
			sourceTree = "<group>";
		};
		136EEA682388D32E006173A1 /* CampSiteData */ = {
			isa = PBXGroup;
			children = (
				13BF8EFF238D155900EC32E7 /* NameGenerator.swift */,
				136EEAE42389C8E1006173A1 /* parkLocations.json */,
			);
			path = CampSiteData;
			sourceTree = "<group>";
		};
		136EEAE12389A822006173A1 /* ViewModel */ = {
			isa = PBXGroup;
			children = (
				136EEAE22389A84C006173A1 /* LocationDataViewModel.swift */,
			);
			path = ViewModel;
			sourceTree = "<group>";
		};
		139A1C8B238D11AE00680FAA /* Model */ = {
			isa = PBXGroup;
			children = (
				136EEADF2389A084006173A1 /* GPSLocationData.swift */,
			);
			path = Model;
			sourceTree = "<group>";
		};
/* End PBXGroup section */

/* Begin PBXNativeTarget section */
		136EEA312388C0D4006173A1 /* GreatCampingApp */ = {
			isa = PBXNativeTarget;
			buildConfigurationList = 136EEA5F2388C0D8006173A1 /* Build configuration list for PBXNativeTarget "GreatCampingApp" */;
			buildPhases = (
				136EEA2E2388C0D4006173A1 /* Sources */,
				136EEA2F2388C0D4006173A1 /* Frameworks */,
				136EEA302388C0D4006173A1 /* Resources */,
			);
			buildRules = (
			);
			dependencies = (
			);
			name = GreatCampingApp;
			productName = GreatCampingApp;
			productReference = 136EEA322388C0D4006173A1 /* YellowStonePark.app */;
			productType = "com.apple.product-type.application";
		};
		136EEA4A2388C0D8006173A1 /* GreatCampingAppTests */ = {
			isa = PBXNativeTarget;
			buildConfigurationList = 136EEA622388C0D8006173A1 /* Build configuration list for PBXNativeTarget "GreatCampingAppTests" */;
			buildPhases = (
				136EEA472388C0D8006173A1 /* Sources */,
				136EEA482388C0D8006173A1 /* Frameworks */,
				136EEA492388C0D8006173A1 /* Resources */,
			);
			buildRules = (
			);
			dependencies = (
				136EEA4D2388C0D8006173A1 /* PBXTargetDependency */,
			);
			name = GreatCampingAppTests;
			productName = GreatCampingAppTests;
			productReference = 136EEA4B2388C0D8006173A1 /* GreatCampingAppTests.xctest */;
			productType = "com.apple.product-type.bundle.unit-test";
		};
		136EEA552388C0D8006173A1 /* GreatCampingAppUITests */ = {
			isa = PBXNativeTarget;
			buildConfigurationList = 136EEA652388C0D8006173A1 /* Build configuration list for PBXNativeTarget "GreatCampingAppUITests" */;
			buildPhases = (
				136EEA522388C0D8006173A1 /* Sources */,
				136EEA532388C0D8006173A1 /* Frameworks */,
				136EEA542388C0D8006173A1 /* Resources */,
			);
			buildRules = (
			);
			dependencies = (
				136EEA582388C0D8006173A1 /* PBXTargetDependency */,
			);
			name = GreatCampingAppUITests;
			productName = GreatCampingAppUITests;
			productReference = 136EEA562388C0D8006173A1 /* GreatCampingAppUITests.xctest */;
			productType = "com.apple.product-type.bundle.ui-testing";
		};
/* End PBXNativeTarget section */

/* Begin PBXProject section */
		136EEA2A2388C0D4006173A1 /* Project object */ = {
			isa = PBXProject;
			attributes = {
				LastSwiftUpdateCheck = 1110;
				LastUpgradeCheck = 1110;
				ORGANIZATIONNAME = "Rolls Consulting";
				TargetAttributes = {
					136EEA312388C0D4006173A1 = {
						CreatedOnToolsVersion = 11.1;
					};
					136EEA4A2388C0D8006173A1 = {
						CreatedOnToolsVersion = 11.1;
						TestTargetID = 136EEA312388C0D4006173A1;
					};
					136EEA552388C0D8006173A1 = {
						CreatedOnToolsVersion = 11.1;
						TestTargetID = 136EEA312388C0D4006173A1;
					};
				};
			};
			buildConfigurationList = 136EEA2D2388C0D4006173A1 /* Build configuration list for PBXProject "GreatCampingApp" */;
			compatibilityVersion = "Xcode 9.3";
			developmentRegion = en;
			hasScannedForEncodings = 0;
			knownRegions = (
				en,
				Base,
			);
			mainGroup = 136EEA292388C0D4006173A1;
			productRefGroup = 136EEA332388C0D4006173A1 /* Products */;
			projectDirPath = "";
			projectRoot = "";
			targets = (
				136EEA312388C0D4006173A1 /* GreatCampingApp */,
				136EEA4A2388C0D8006173A1 /* GreatCampingAppTests */,
				136EEA552388C0D8006173A1 /* GreatCampingAppUITests */,
			);
		};
/* End PBXProject section */

/* Begin PBXResourcesBuildPhase section */
		136EEA302388C0D4006173A1 /* Resources */ = {
			isa = PBXResourcesBuildPhase;
			buildActionMask = 2147483647;
			files = (
				136EEA452388C0D7006173A1 /* LaunchScreen.storyboard in Resources */,
				136EEA422388C0D7006173A1 /* Assets.xcassets in Resources */,
				136EEA3D2388C0D4006173A1 /* Main.storyboard in Resources */,
				136EEAE52389C8E1006173A1 /* parkLocations.json in Resources */,
			);
			runOnlyForDeploymentPostprocessing = 0;
		};
		136EEA492388C0D8006173A1 /* Resources */ = {
			isa = PBXResourcesBuildPhase;
			buildActionMask = 2147483647;
			files = (
			);
			runOnlyForDeploymentPostprocessing = 0;
		};
		136EEA542388C0D8006173A1 /* Resources */ = {
			isa = PBXResourcesBuildPhase;
			buildActionMask = 2147483647;
			files = (
			);
			runOnlyForDeploymentPostprocessing = 0;
		};
/* End PBXResourcesBuildPhase section */

/* Begin PBXSourcesBuildPhase section */
		136EEA2E2388C0D4006173A1 /* Sources */ = {
			isa = PBXSourcesBuildPhase;
			buildActionMask = 2147483647;
			files = (
				136EEA3A2388C0D4006173A1 /* MapViewController.swift in Sources */,
				136EEA362388C0D4006173A1 /* AppDelegate.swift in Sources */,
				136EEAE32389A84C006173A1 /* LocationDataViewModel.swift in Sources */,
				136EEAE02389A084006173A1 /* GPSLocationData.swift in Sources */,
				136EEAE9238B0DBA006173A1 /* DetailedParkDataView.swift in Sources */,
				136EEA382388C0D4006173A1 /* SceneDelegate.swift in Sources */,
				13BF8F00238D155900EC32E7 /* NameGenerator.swift in Sources */,
				136EEA402388C0D4006173A1 /* GreatCampingApp.xcdatamodeld in Sources */,
			);
			runOnlyForDeploymentPostprocessing = 0;
		};
		136EEA472388C0D8006173A1 /* Sources */ = {
			isa = PBXSourcesBuildPhase;
			buildActionMask = 2147483647;
			files = (
				136EEA502388C0D8006173A1 /* GreatCampingAppTests.swift in Sources */,
			);
			runOnlyForDeploymentPostprocessing = 0;
		};
		136EEA522388C0D8006173A1 /* Sources */ = {
			isa = PBXSourcesBuildPhase;
			buildActionMask = 2147483647;
			files = (
				136EEA5B2388C0D8006173A1 /* GreatCampingAppUITests.swift in Sources */,
			);
			runOnlyForDeploymentPostprocessing = 0;
		};
/* End PBXSourcesBuildPhase section */

/* Begin PBXTargetDependency section */
		136EEA4D2388C0D8006173A1 /* PBXTargetDependency */ = {
			isa = PBXTargetDependency;
			target = 136EEA312388C0D4006173A1 /* GreatCampingApp */;
			targetProxy = 136EEA4C2388C0D8006173A1 /* PBXContainerItemProxy */;
		};
		136EEA582388C0D8006173A1 /* PBXTargetDependency */ = {
			isa = PBXTargetDependency;
			target = 136EEA312388C0D4006173A1 /* GreatCampingApp */;
			targetProxy = 136EEA572388C0D8006173A1 /* PBXContainerItemProxy */;
		};
/* End PBXTargetDependency section */

/* Begin PBXVariantGroup section */
		136EEA3B2388C0D4006173A1 /* Main.storyboard */ = {
			isa = PBXVariantGroup;
			children = (
				136EEA3C2388C0D4006173A1 /* Base */,
			);
			name = Main.storyboard;
			sourceTree = "<group>";
		};
		136EEA432388C0D7006173A1 /* LaunchScreen.storyboard */ = {
			isa = PBXVariantGroup;
			children = (
				136EEA442388C0D7006173A1 /* Base */,
			);
			name = LaunchScreen.storyboard;
			sourceTree = "<group>";
		};
/* End PBXVariantGroup section */

/* Begin XCBuildConfiguration section */
		136EEA5D2388C0D8006173A1 /* Debug */ = {
			isa = XCBuildConfiguration;
			buildSettings = {
				ALWAYS_SEARCH_USER_PATHS = NO;
				CLANG_ANALYZER_NONNULL = YES;
				CLANG_ANALYZER_NUMBER_OBJECT_CONVERSION = YES_AGGRESSIVE;
				CLANG_CXX_LANGUAGE_STANDARD = "gnu++14";
				CLANG_CXX_LIBRARY = "libc++";
				CLANG_ENABLE_MODULES = YES;
				CLANG_ENABLE_OBJC_ARC = YES;
				CLANG_ENABLE_OBJC_WEAK = YES;
				CLANG_WARN_BLOCK_CAPTURE_AUTORELEASING = YES;
				CLANG_WARN_BOOL_CONVERSION = YES;
				CLANG_WARN_COMMA = YES;
				CLANG_WARN_CONSTANT_CONVERSION = YES;
				CLANG_WARN_DEPRECATED_OBJC_IMPLEMENTATIONS = YES;
				CLANG_WARN_DIRECT_OBJC_ISA_USAGE = YES_ERROR;
				CLANG_WARN_DOCUMENTATION_COMMENTS = YES;
				CLANG_WARN_EMPTY_BODY = YES;
				CLANG_WARN_ENUM_CONVERSION = YES;
				CLANG_WARN_INFINITE_RECURSION = YES;
				CLANG_WARN_INT_CONVERSION = YES;
				CLANG_WARN_NON_LITERAL_NULL_CONVERSION = YES;
				CLANG_WARN_OBJC_IMPLICIT_RETAIN_SELF = YES;
				CLANG_WARN_OBJC_LITERAL_CONVERSION = YES;
				CLANG_WARN_OBJC_ROOT_CLASS = YES_ERROR;
				CLANG_WARN_RANGE_LOOP_ANALYSIS = YES;
				CLANG_WARN_STRICT_PROTOTYPES = YES;
				CLANG_WARN_SUSPICIOUS_MOVE = YES;
				CLANG_WARN_UNGUARDED_AVAILABILITY = YES_AGGRESSIVE;
				CLANG_WARN_UNREACHABLE_CODE = YES;
				CLANG_WARN__DUPLICATE_METHOD_MATCH = YES;
				COPY_PHASE_STRIP = NO;
				DEBUG_INFORMATION_FORMAT = dwarf;
				ENABLE_STRICT_OBJC_MSGSEND = YES;
				ENABLE_TESTABILITY = YES;
				GCC_C_LANGUAGE_STANDARD = gnu11;
				GCC_DYNAMIC_NO_PIC = NO;
				GCC_NO_COMMON_BLOCKS = YES;
				GCC_OPTIMIZATION_LEVEL = 0;
				GCC_PREPROCESSOR_DEFINITIONS = (
					"DEBUG=1",
					"$(inherited)",
				);
				GCC_WARN_64_TO_32_BIT_CONVERSION = YES;
				GCC_WARN_ABOUT_RETURN_TYPE = YES_ERROR;
				GCC_WARN_UNDECLARED_SELECTOR = YES;
				GCC_WARN_UNINITIALIZED_AUTOS = YES_AGGRESSIVE;
				GCC_WARN_UNUSED_FUNCTION = YES;
				GCC_WARN_UNUSED_VARIABLE = YES;
				IPHONEOS_DEPLOYMENT_TARGET = 13.1;
				MTL_ENABLE_DEBUG_INFO = INCLUDE_SOURCE;
				MTL_FAST_MATH = YES;
				ONLY_ACTIVE_ARCH = YES;
				SDKROOT = iphoneos;
				SWIFT_ACTIVE_COMPILATION_CONDITIONS = DEBUG;
				SWIFT_OPTIMIZATION_LEVEL = "-Onone";
			};
			name = Debug;
		};
		136EEA5E2388C0D8006173A1 /* Release */ = {
			isa = XCBuildConfiguration;
			buildSettings = {
				ALWAYS_SEARCH_USER_PATHS = NO;
				CLANG_ANALYZER_NONNULL = YES;
				CLANG_ANALYZER_NUMBER_OBJECT_CONVERSION = YES_AGGRESSIVE;
				CLANG_CXX_LANGUAGE_STANDARD = "gnu++14";
				CLANG_CXX_LIBRARY = "libc++";
				CLANG_ENABLE_MODULES = YES;
				CLANG_ENABLE_OBJC_ARC = YES;
				CLANG_ENABLE_OBJC_WEAK = YES;
				CLANG_WARN_BLOCK_CAPTURE_AUTORELEASING = YES;
				CLANG_WARN_BOOL_CONVERSION = YES;
				CLANG_WARN_COMMA = YES;
				CLANG_WARN_CONSTANT_CONVERSION = YES;
				CLANG_WARN_DEPRECATED_OBJC_IMPLEMENTATIONS = YES;
				CLANG_WARN_DIRECT_OBJC_ISA_USAGE = YES_ERROR;
				CLANG_WARN_DOCUMENTATION_COMMENTS = YES;
				CLANG_WARN_EMPTY_BODY = YES;
				CLANG_WARN_ENUM_CONVERSION = YES;
				CLANG_WARN_INFINITE_RECURSION = YES;
				CLANG_WARN_INT_CONVERSION = YES;
				CLANG_WARN_NON_LITERAL_NULL_CONVERSION = YES;
				CLANG_WARN_OBJC_IMPLICIT_RETAIN_SELF = YES;
				CLANG_WARN_OBJC_LITERAL_CONVERSION = YES;
				CLANG_WARN_OBJC_ROOT_CLASS = YES_ERROR;
				CLANG_WARN_RANGE_LOOP_ANALYSIS = YES;
				CLANG_WARN_STRICT_PROTOTYPES = YES;
				CLANG_WARN_SUSPICIOUS_MOVE = YES;
				CLANG_WARN_UNGUARDED_AVAILABILITY = YES_AGGRESSIVE;
				CLANG_WARN_UNREACHABLE_CODE = YES;
				CLANG_WARN__DUPLICATE_METHOD_MATCH = YES;
				COPY_PHASE_STRIP = NO;
				DEBUG_INFORMATION_FORMAT = "dwarf-with-dsym";
				ENABLE_NS_ASSERTIONS = NO;
				ENABLE_STRICT_OBJC_MSGSEND = YES;
				GCC_C_LANGUAGE_STANDARD = gnu11;
				GCC_NO_COMMON_BLOCKS = YES;
				GCC_WARN_64_TO_32_BIT_CONVERSION = YES;
				GCC_WARN_ABOUT_RETURN_TYPE = YES_ERROR;
				GCC_WARN_UNDECLARED_SELECTOR = YES;
				GCC_WARN_UNINITIALIZED_AUTOS = YES_AGGRESSIVE;
				GCC_WARN_UNUSED_FUNCTION = YES;
				GCC_WARN_UNUSED_VARIABLE = YES;
				IPHONEOS_DEPLOYMENT_TARGET = 13.1;
				MTL_ENABLE_DEBUG_INFO = NO;
				MTL_FAST_MATH = YES;
				SDKROOT = iphoneos;
				SWIFT_COMPILATION_MODE = wholemodule;
				SWIFT_OPTIMIZATION_LEVEL = "-O";
				VALIDATE_PRODUCT = YES;
			};
			name = Release;
		};
		136EEA602388C0D8006173A1 /* Debug */ = {
			isa = XCBuildConfiguration;
			buildSettings = {
				ASSETCATALOG_COMPILER_APPICON_NAME = AppIcon;
				CODE_SIGN_STYLE = Automatic;
				INFOPLIST_FILE = GreatCampingApp/Info.plist;
				IPHONEOS_DEPLOYMENT_TARGET = 13.0;
				LD_RUNPATH_SEARCH_PATHS = (
					"$(inherited)",
					"@executable_path/Frameworks",
				);
				PRODUCT_BUNDLE_IDENTIFIER = RC.YellowStonePark;
				PRODUCT_NAME = YellowStonePark;
				SWIFT_VERSION = 5.0;
				TARGETED_DEVICE_FAMILY = "1,2";
			};
			name = Debug;
		};
		136EEA612388C0D8006173A1 /* Release */ = {
			isa = XCBuildConfiguration;
			buildSettings = {
				ASSETCATALOG_COMPILER_APPICON_NAME = AppIcon;
				CODE_SIGN_STYLE = Automatic;
				INFOPLIST_FILE = GreatCampingApp/Info.plist;
				IPHONEOS_DEPLOYMENT_TARGET = 13.0;
				LD_RUNPATH_SEARCH_PATHS = (
					"$(inherited)",
					"@executable_path/Frameworks",
				);
				PRODUCT_BUNDLE_IDENTIFIER = RC.YellowStonePark;
				PRODUCT_NAME = YellowStonePark;
				SWIFT_VERSION = 5.0;
				TARGETED_DEVICE_FAMILY = "1,2";
			};
			name = Release;
		};
		136EEA632388C0D8006173A1 /* Debug */ = {
			isa = XCBuildConfiguration;
			buildSettings = {
				ALWAYS_EMBED_SWIFT_STANDARD_LIBRARIES = YES;
				BUNDLE_LOADER = "$(TEST_HOST)";
				CODE_SIGN_STYLE = Automatic;
				INFOPLIST_FILE = GreatCampingAppTests/Info.plist;
				IPHONEOS_DEPLOYMENT_TARGET = 13.1;
				LD_RUNPATH_SEARCH_PATHS = (
					"$(inherited)",
					"@executable_path/Frameworks",
					"@loader_path/Frameworks",
				);
				PRODUCT_BUNDLE_IDENTIFIER = RC.GreatCampingAppTests;
				PRODUCT_NAME = "$(TARGET_NAME)";
				SWIFT_VERSION = 5.0;
				TARGETED_DEVICE_FAMILY = "1,2";
				TEST_HOST = "$(BUILT_PRODUCTS_DIR)/GreatCampingApp.app/GreatCampingApp";
			};
			name = Debug;
		};
		136EEA642388C0D8006173A1 /* Release */ = {
			isa = XCBuildConfiguration;
			buildSettings = {
				ALWAYS_EMBED_SWIFT_STANDARD_LIBRARIES = YES;
				BUNDLE_LOADER = "$(TEST_HOST)";
				CODE_SIGN_STYLE = Automatic;
				INFOPLIST_FILE = GreatCampingAppTests/Info.plist;
				IPHONEOS_DEPLOYMENT_TARGET = 13.1;
				LD_RUNPATH_SEARCH_PATHS = (
					"$(inherited)",
					"@executable_path/Frameworks",
					"@loader_path/Frameworks",
				);
				PRODUCT_BUNDLE_IDENTIFIER = RC.GreatCampingAppTests;
				PRODUCT_NAME = "$(TARGET_NAME)";
				SWIFT_VERSION = 5.0;
				TARGETED_DEVICE_FAMILY = "1,2";
				TEST_HOST = "$(BUILT_PRODUCTS_DIR)/GreatCampingApp.app/GreatCampingApp";
			};
			name = Release;
		};
		136EEA662388C0D8006173A1 /* Debug */ = {
			isa = XCBuildConfiguration;
			buildSettings = {
				ALWAYS_EMBED_SWIFT_STANDARD_LIBRARIES = YES;
				CODE_SIGN_STYLE = Automatic;
				INFOPLIST_FILE = GreatCampingAppUITests/Info.plist;
				LD_RUNPATH_SEARCH_PATHS = (
					"$(inherited)",
					"@executable_path/Frameworks",
					"@loader_path/Frameworks",
				);
				PRODUCT_BUNDLE_IDENTIFIER = RC.GreatCampingAppUITests;
				PRODUCT_NAME = "$(TARGET_NAME)";
				SWIFT_VERSION = 5.0;
				TARGETED_DEVICE_FAMILY = "1,2";
				TEST_TARGET_NAME = GreatCampingApp;
			};
			name = Debug;
		};
		136EEA672388C0D8006173A1 /* Release */ = {
			isa = XCBuildConfiguration;
			buildSettings = {
				ALWAYS_EMBED_SWIFT_STANDARD_LIBRARIES = YES;
				CODE_SIGN_STYLE = Automatic;
				INFOPLIST_FILE = GreatCampingAppUITests/Info.plist;
				LD_RUNPATH_SEARCH_PATHS = (
					"$(inherited)",
					"@executable_path/Frameworks",
					"@loader_path/Frameworks",
				);
				PRODUCT_BUNDLE_IDENTIFIER = RC.GreatCampingAppUITests;
				PRODUCT_NAME = "$(TARGET_NAME)";
				SWIFT_VERSION = 5.0;
				TARGETED_DEVICE_FAMILY = "1,2";
				TEST_TARGET_NAME = GreatCampingApp;
			};
			name = Release;
		};
/* End XCBuildConfiguration section */

/* Begin XCConfigurationList section */
		136EEA2D2388C0D4006173A1 /* Build configuration list for PBXProject "GreatCampingApp" */ = {
			isa = XCConfigurationList;
			buildConfigurations = (
				136EEA5D2388C0D8006173A1 /* Debug */,
				136EEA5E2388C0D8006173A1 /* Release */,
			);
			defaultConfigurationIsVisible = 0;
			defaultConfigurationName = Release;
		};
		136EEA5F2388C0D8006173A1 /* Build configuration list for PBXNativeTarget "GreatCampingApp" */ = {
			isa = XCConfigurationList;
			buildConfigurations = (
				136EEA602388C0D8006173A1 /* Debug */,
				136EEA612388C0D8006173A1 /* Release */,
			);
			defaultConfigurationIsVisible = 0;
			defaultConfigurationName = Release;
		};
		136EEA622388C0D8006173A1 /* Build configuration list for PBXNativeTarget "GreatCampingAppTests" */ = {
			isa = XCConfigurationList;
			buildConfigurations = (
				136EEA632388C0D8006173A1 /* Debug */,
				136EEA642388C0D8006173A1 /* Release */,
			);
			defaultConfigurationIsVisible = 0;
			defaultConfigurationName = Release;
		};
		136EEA652388C0D8006173A1 /* Build configuration list for PBXNativeTarget "GreatCampingAppUITests" */ = {
			isa = XCConfigurationList;
			buildConfigurations = (
				136EEA662388C0D8006173A1 /* Debug */,
				136EEA672388C0D8006173A1 /* Release */,
			);
			defaultConfigurationIsVisible = 0;
			defaultConfigurationName = Release;
		};
/* End XCConfigurationList section */

/* Begin XCVersionGroup section */
		136EEA3E2388C0D4006173A1 /* GreatCampingApp.xcdatamodeld */ = {
			isa = XCVersionGroup;
			children = (
				136EEA3F2388C0D4006173A1 /* GreatCampingApp.xcdatamodel */,
			);
			currentVersion = 136EEA3F2388C0D4006173A1 /* GreatCampingApp.xcdatamodel */;
			path = GreatCampingApp.xcdatamodeld;
			sourceTree = "<group>";
			versionGroupType = wrapper.xcdatamodel;
		};
/* End XCVersionGroup section */
	};
	rootObject = 136EEA2A2388C0D4006173A1 /* Project object */;
}
